// !$*UTF8*$!
{
	archiveVersion = 1;
	classes = {
	};
	objectVersion = 55;
	objects = {

/* Begin PBXBuildFile section */
		040123E427BE58C200F789AA /* BaseLayer.swift in Sources */ = {isa = PBXBuildFile; fileRef = 040123E327BE58C200F789AA /* BaseLayer.swift */; };
		047388C427BE33CC00BBF626 /* AppDelegate.swift in Sources */ = {isa = PBXBuildFile; fileRef = 047388C327BE33CC00BBF626 /* AppDelegate.swift */; };
		047388C627BE33CC00BBF626 /* SceneDelegate.swift in Sources */ = {isa = PBXBuildFile; fileRef = 047388C527BE33CC00BBF626 /* SceneDelegate.swift */; };
		047388C827BE33CC00BBF626 /* ViewController.swift in Sources */ = {isa = PBXBuildFile; fileRef = 047388C727BE33CC00BBF626 /* ViewController.swift */; };
		047388CB27BE33CC00BBF626 /* Main.storyboard in Resources */ = {isa = PBXBuildFile; fileRef = 047388C927BE33CC00BBF626 /* Main.storyboard */; };
		047388CD27BE33D100BBF626 /* Assets.xcassets in Resources */ = {isa = PBXBuildFile; fileRef = 047388CC27BE33D100BBF626 /* Assets.xcassets */; };
		047388D027BE33D100BBF626 /* LaunchScreen.storyboard in Resources */ = {isa = PBXBuildFile; fileRef = 047388CE27BE33D100BBF626 /* LaunchScreen.storyboard */; };
/* End PBXBuildFile section */

/* Begin PBXFileReference section */
		040123E327BE58C200F789AA /* BaseLayer.swift */ = {isa = PBXFileReference; lastKnownFileType = sourcecode.swift; path = BaseLayer.swift; sourceTree = "<group>"; };
		047388C027BE33CB00BBF626 /* Joe'sFruitShop.app */ = {isa = PBXFileReference; explicitFileType = wrapper.application; includeInIndex = 0; path = "Joe'sFruitShop.app"; sourceTree = BUILT_PRODUCTS_DIR; };
		047388C327BE33CC00BBF626 /* AppDelegate.swift */ = {isa = PBXFileReference; lastKnownFileType = sourcecode.swift; path = AppDelegate.swift; sourceTree = "<group>"; };
		047388C527BE33CC00BBF626 /* SceneDelegate.swift */ = {isa = PBXFileReference; lastKnownFileType = sourcecode.swift; path = SceneDelegate.swift; sourceTree = "<group>"; };
		047388C727BE33CC00BBF626 /* ViewController.swift */ = {isa = PBXFileReference; lastKnownFileType = sourcecode.swift; path = ViewController.swift; sourceTree = "<group>"; };
		047388CA27BE33CC00BBF626 /* Base */ = {isa = PBXFileReference; lastKnownFileType = file.storyboard; name = Base; path = Base.lproj/Main.storyboard; sourceTree = "<group>"; };
		047388CC27BE33D100BBF626 /* Assets.xcassets */ = {isa = PBXFileReference; lastKnownFileType = folder.assetcatalog; path = Assets.xcassets; sourceTree = "<group>"; };
		047388CF27BE33D100BBF626 /* Base */ = {isa = PBXFileReference; lastKnownFileType = file.storyboard; name = Base; path = Base.lproj/LaunchScreen.storyboard; sourceTree = "<group>"; };
		047388D127BE33D100BBF626 /* Info.plist */ = {isa = PBXFileReference; lastKnownFileType = text.plist.xml; path = Info.plist; sourceTree = "<group>"; };
/* End PBXFileReference section */

/* Begin PBXFrameworksBuildPhase section */
		047388BD27BE33CB00BBF626 /* Frameworks */ = {
			isa = PBXFrameworksBuildPhase;
			buildActionMask = 2147483647;
			files = (
			);
			runOnlyForDeploymentPostprocessing = 0;
		};
/* End PBXFrameworksBuildPhase section */

/* Begin PBXGroup section */
		040123DF27BE57DC00F789AA /* Supporting Files */ = {
			isa = PBXGroup;
			children = (
				047388C327BE33CC00BBF626 /* AppDelegate.swift */,
				047388C527BE33CC00BBF626 /* SceneDelegate.swift */,
				047388C927BE33CC00BBF626 /* Main.storyboard */,
				047388CC27BE33D100BBF626 /* Assets.xcassets */,
				047388CE27BE33D100BBF626 /* LaunchScreen.storyboard */,
			);
			path = "Supporting Files";
			sourceTree = "<group>";
		};
		040123E027BE581C00F789AA /* Controller */ = {
			isa = PBXGroup;
			children = (
				047388C727BE33CC00BBF626 /* ViewController.swift */,
				040123E327BE58C200F789AA /* BaseLayer.swift */,
			);
			path = Controller;
			sourceTree = "<group>";
		};
		040123E127BE582E00F789AA /* model */ = {
			isa = PBXGroup;
			children = (
			);
			path = model;
			sourceTree = "<group>";
		};
		040123E227BE584200F789AA /* View */ = {
			isa = PBXGroup;
			children = (
			);
			path = View;
			sourceTree = "<group>";
		};
		047388B727BE33CB00BBF626 = {
			isa = PBXGroup;
			children = (
				047388C227BE33CB00BBF626 /* Joe'sFruitShop */,
				047388C127BE33CB00BBF626 /* Products */,
			);
			sourceTree = "<group>";
		};
		047388C127BE33CB00BBF626 /* Products */ = {
			isa = PBXGroup;
			children = (
				047388C027BE33CB00BBF626 /* Joe'sFruitShop.app */,
			);
			name = Products;
			sourceTree = "<group>";
		};
		047388C227BE33CB00BBF626 /* Joe'sFruitShop */ = {
			isa = PBXGroup;
			children = (
				040123DF27BE57DC00F789AA /* Supporting Files */,
				040123E027BE581C00F789AA /* Controller */,
				047388D127BE33D100BBF626 /* Info.plist */,
				040123E227BE584200F789AA /* View */,
				040123E127BE582E00F789AA /* model */,
			);
			path = "Joe'sFruitShop";
			sourceTree = "<group>";
		};
/* End PBXGroup section */

/* Begin PBXNativeTarget section */
		047388BF27BE33CB00BBF626 /* Joe'sFruitShop */ = {
			isa = PBXNativeTarget;
			buildConfigurationList = 047388D427BE33D100BBF626 /* Build configuration list for PBXNativeTarget "Joe'sFruitShop" */;
			buildPhases = (
				047388BC27BE33CB00BBF626 /* Sources */,
				047388BD27BE33CB00BBF626 /* Frameworks */,
				047388BE27BE33CB00BBF626 /* Resources */,
			);
			buildRules = (
			);
			dependencies = (
			);
			name = "Joe'sFruitShop";
			productName = "Joe'sFruitShop";
			productReference = 047388C027BE33CB00BBF626 /* Joe'sFruitShop.app */;
			productType = "com.apple.product-type.application";
		};
/* End PBXNativeTarget section */

/* Begin PBXProject section */
		047388B827BE33CB00BBF626 /* Project object */ = {
			isa = PBXProject;
			attributes = {
				BuildIndependentTargetsInParallel = 1;
				LastSwiftUpdateCheck = 1320;
				LastUpgradeCheck = 1320;
				TargetAttributes = {
					047388BF27BE33CB00BBF626 = {
						CreatedOnToolsVersion = 13.2.1;
					};
				};
			};
			buildConfigurationList = 047388BB27BE33CB00BBF626 /* Build configuration list for PBXProject "Joe'sFruitShop" */;
			compatibilityVersion = "Xcode 13.0";
			developmentRegion = en;
			hasScannedForEncodings = 0;
			knownRegions = (
				en,
				Base,
			);
			mainGroup = 047388B727BE33CB00BBF626;
			productRefGroup = 047388C127BE33CB00BBF626 /* Products */;
			projectDirPath = "";
			projectRoot = "";
			targets = (
				047388BF27BE33CB00BBF626 /* Joe'sFruitShop */,
			);
		};
/* End PBXProject section */

/* Begin PBXResourcesBuildPhase section */
		047388BE27BE33CB00BBF626 /* Resources */ = {
			isa = PBXResourcesBuildPhase;
			buildActionMask = 2147483647;
			files = (
				047388D027BE33D100BBF626 /* LaunchScreen.storyboard in Resources */,
				047388CD27BE33D100BBF626 /* Assets.xcassets in Resources */,
				047388CB27BE33CC00BBF626 /* Main.storyboard in Resources */,
			);
			runOnlyForDeploymentPostprocessing = 0;
		};
/* End PBXResourcesBuildPhase section */

/* Begin PBXSourcesBuildPhase section */
		047388BC27BE33CB00BBF626 /* Sources */ = {
			isa = PBXSourcesBuildPhase;
			buildActionMask = 2147483647;
			files = (
				047388C827BE33CC00BBF626 /* ViewController.swift in Sources */,
				047388C427BE33CC00BBF626 /* AppDelegate.swift in Sources */,
				040123E427BE58C200F789AA /* BaseLayer.swift in Sources */,
				047388C627BE33CC00BBF626 /* SceneDelegate.swift in Sources */,
			);
			runOnlyForDeploymentPostprocessing = 0;
		};
/* End PBXSourcesBuildPhase section */

/* Begin PBXVariantGroup section */
		047388C927BE33CC00BBF626 /* Main.storyboard */ = {
			isa = PBXVariantGroup;
			children = (
				047388CA27BE33CC00BBF626 /* Base */,
			);
			name = Main.storyboard;
			sourceTree = "<group>";
		};
		047388CE27BE33D100BBF626 /* LaunchScreen.storyboard */ = {
			isa = PBXVariantGroup;
			children = (
				047388CF27BE33D100BBF626 /* Base */,
			);
			name = LaunchScreen.storyboard;
			sourceTree = "<group>";
		};
/* End PBXVariantGroup section */

/* Begin XCBuildConfiguration section */
		047388D227BE33D100BBF626 /* Debug */ = {
			isa = XCBuildConfiguration;
			buildSettings = {
				ALWAYS_SEARCH_USER_PATHS = NO;
				CLANG_ANALYZER_NONNULL = YES;
				CLANG_ANALYZER_NUMBER_OBJECT_CONVERSION = YES_AGGRESSIVE;
				CLANG_CXX_LANGUAGE_STANDARD = "gnu++17";
				CLANG_CXX_LIBRARY = "libc++";
				CLANG_ENABLE_MODULES = YES;
				CLANG_ENABLE_OBJC_ARC = YES;
				CLANG_ENABLE_OBJC_WEAK = YES;
				CLANG_WARN_BLOCK_CAPTURE_AUTORELEASING = YES;
				CLANG_WARN_BOOL_CONVERSION = YES;
				CLANG_WARN_COMMA = YES;
				CLANG_WARN_CONSTANT_CONVERSION = YES;
				CLANG_WARN_DEPRECATED_OBJC_IMPLEMENTATIONS = YES;
				CLANG_WARN_DIRECT_OBJC_ISA_USAGE = YES_ERROR;
				CLANG_WARN_DOCUMENTATION_COMMENTS = YES;
				CLANG_WARN_EMPTY_BODY = YES;
				CLANG_WARN_ENUM_CONVERSION = YES;
				CLANG_WARN_INFINITE_RECURSION = YES;
				CLANG_WARN_INT_CONVERSION = YES;
				CLANG_WARN_NON_LITERAL_NULL_CONVERSION = YES;
				CLANG_WARN_OBJC_IMPLICIT_RETAIN_SELF = YES;
				CLANG_WARN_OBJC_LITERAL_CONVERSION = YES;
				CLANG_WARN_OBJC_ROOT_CLASS = YES_ERROR;
				CLANG_WARN_QUOTED_INCLUDE_IN_FRAMEWORK_HEADER = YES;
				CLANG_WARN_RANGE_LOOP_ANALYSIS = YES;
				CLANG_WARN_STRICT_PROTOTYPES = YES;
				CLANG_WARN_SUSPICIOUS_MOVE = YES;
				CLANG_WARN_UNGUARDED_AVAILABILITY = YES_AGGRESSIVE;
				CLANG_WARN_UNREACHABLE_CODE = YES;
				CLANG_WARN__DUPLICATE_METHOD_MATCH = YES;
				COPY_PHASE_STRIP = NO;
				DEBUG_INFORMATION_FORMAT = dwarf;
				ENABLE_STRICT_OBJC_MSGSEND = YES;
				ENABLE_TESTABILITY = YES;
				GCC_C_LANGUAGE_STANDARD = gnu11;
				GCC_DYNAMIC_NO_PIC = NO;
				GCC_NO_COMMON_BLOCKS = YES;
				GCC_OPTIMIZATION_LEVEL = 0;
				GCC_PREPROCESSOR_DEFINITIONS = (
					"DEBUG=1",
					"$(inherited)",
				);
				GCC_WARN_64_TO_32_BIT_CONVERSION = YES;
				GCC_WARN_ABOUT_RETURN_TYPE = YES_ERROR;
				GCC_WARN_UNDECLARED_SELECTOR = YES;
				GCC_WARN_UNINITIALIZED_AUTOS = YES_AGGRESSIVE;
				GCC_WARN_UNUSED_FUNCTION = YES;
				GCC_WARN_UNUSED_VARIABLE = YES;
				IPHONEOS_DEPLOYMENT_TARGET = 15.2;
				MTL_ENABLE_DEBUG_INFO = INCLUDE_SOURCE;
				MTL_FAST_MATH = YES;
				ONLY_ACTIVE_ARCH = YES;
				SDKROOT = iphoneos;
				SWIFT_ACTIVE_COMPILATION_CONDITIONS = DEBUG;
				SWIFT_OPTIMIZATION_LEVEL = "-Onone";
			};
			name = Debug;
		};
		047388D327BE33D100BBF626 /* Release */ = {
			isa = XCBuildConfiguration;
			buildSettings = {
				ALWAYS_SEARCH_USER_PATHS = NO;
				CLANG_ANALYZER_NONNULL = YES;
				CLANG_ANALYZER_NUMBER_OBJECT_CONVERSION = YES_AGGRESSIVE;
				CLANG_CXX_LANGUAGE_STANDARD = "gnu++17";
				CLANG_CXX_LIBRARY = "libc++";
				CLANG_ENABLE_MODULES = YES;
				CLANG_ENABLE_OBJC_ARC = YES;
				CLANG_ENABLE_OBJC_WEAK = YES;
				CLANG_WARN_BLOCK_CAPTURE_AUTORELEASING = YES;
				CLANG_WARN_BOOL_CONVERSION = YES;
				CLANG_WARN_COMMA = YES;
				CLANG_WARN_CONSTANT_CONVERSION = YES;
				CLANG_WARN_DEPRECATED_OBJC_IMPLEMENTATIONS = YES;
				CLANG_WARN_DIRECT_OBJC_ISA_USAGE = YES_ERROR;
				CLANG_WARN_DOCUMENTATION_COMMENTS = YES;
				CLANG_WARN_EMPTY_BODY = YES;
				CLANG_WARN_ENUM_CONVERSION = YES;
				CLANG_WARN_INFINITE_RECURSION = YES;
				CLANG_WARN_INT_CONVERSION = YES;
				CLANG_WARN_NON_LITERAL_NULL_CONVERSION = YES;
				CLANG_WARN_OBJC_IMPLICIT_RETAIN_SELF = YES;
				CLANG_WARN_OBJC_LITERAL_CONVERSION = YES;
				CLANG_WARN_OBJC_ROOT_CLASS = YES_ERROR;
				CLANG_WARN_QUOTED_INCLUDE_IN_FRAMEWORK_HEADER = YES;
				CLANG_WARN_RANGE_LOOP_ANALYSIS = YES;
				CLANG_WARN_STRICT_PROTOTYPES = YES;
				CLANG_WARN_SUSPICIOUS_MOVE = YES;
				CLANG_WARN_UNGUARDED_AVAILABILITY = YES_AGGRESSIVE;
				CLANG_WARN_UNREACHABLE_CODE = YES;
				CLANG_WARN__DUPLICATE_METHOD_MATCH = YES;
				COPY_PHASE_STRIP = NO;
				DEBUG_INFORMATION_FORMAT = "dwarf-with-dsym";
				ENABLE_NS_ASSERTIONS = NO;
				ENABLE_STRICT_OBJC_MSGSEND = YES;
				GCC_C_LANGUAGE_STANDARD = gnu11;
				GCC_NO_COMMON_BLOCKS = YES;
				GCC_WARN_64_TO_32_BIT_CONVERSION = YES;
				GCC_WARN_ABOUT_RETURN_TYPE = YES_ERROR;
				GCC_WARN_UNDECLARED_SELECTOR = YES;
				GCC_WARN_UNINITIALIZED_AUTOS = YES_AGGRESSIVE;
				GCC_WARN_UNUSED_FUNCTION = YES;
				GCC_WARN_UNUSED_VARIABLE = YES;
				IPHONEOS_DEPLOYMENT_TARGET = 15.2;
				MTL_ENABLE_DEBUG_INFO = NO;
				MTL_FAST_MATH = YES;
				SDKROOT = iphoneos;
				SWIFT_COMPILATION_MODE = wholemodule;
				SWIFT_OPTIMIZATION_LEVEL = "-O";
				VALIDATE_PRODUCT = YES;
			};
			name = Release;
		};
		047388D527BE33D100BBF626 /* Debug */ = {
			isa = XCBuildConfiguration;
			buildSettings = {
				ASSETCATALOG_COMPILER_APPICON_NAME = AppIcon;
				ASSETCATALOG_COMPILER_GLOBAL_ACCENT_COLOR_NAME = AccentColor;
				CODE_SIGN_STYLE = Automatic;
				CURRENT_PROJECT_VERSION = 1;
				DEVELOPMENT_TEAM = 3NMQ3D66GQ;
				GENERATE_INFOPLIST_FILE = YES;
				INFOPLIST_FILE = "Joe'sFruitShop/Info.plist";
				INFOPLIST_KEY_UIApplicationSupportsIndirectInputEvents = YES;
				INFOPLIST_KEY_UILaunchStoryboardName = LaunchScreen;
				INFOPLIST_KEY_UIMainStoryboardFile = Main;
				INFOPLIST_KEY_UISupportedInterfaceOrientations_iPad = "UIInterfaceOrientationPortrait UIInterfaceOrientationPortraitUpsideDown UIInterfaceOrientationLandscapeLeft UIInterfaceOrientationLandscapeRight";
				INFOPLIST_KEY_UISupportedInterfaceOrientations_iPhone = "UIInterfaceOrientationPortrait UIInterfaceOrientationLandscapeLeft UIInterfaceOrientationLandscapeRight";
				LD_RUNPATH_SEARCH_PATHS = (
					"$(inherited)",
					"@executable_path/Frameworks",
				);
				MARKETING_VERSION = 1.0;
				PRODUCT_BUNDLE_IDENTIFIER = "tm.Joe-sFruitShop";
				PRODUCT_NAME = "$(TARGET_NAME)";
				SWIFT_EMIT_LOC_STRINGS = YES;
				SWIFT_VERSION = 5.0;
				TARGETED_DEVICE_FAMILY = "1,2";
			};
			name = Debug;
		};
		047388D627BE33D100BBF626 /* Release */ = {
			isa = XCBuildConfiguration;
			buildSettings = {
				ASSETCATALOG_COMPILER_APPICON_NAME = AppIcon;
				ASSETCATALOG_COMPILER_GLOBAL_ACCENT_COLOR_NAME = AccentColor;
				CODE_SIGN_STYLE = Automatic;
				CURRENT_PROJECT_VERSION = 1;
				DEVELOPMENT_TEAM = 3NMQ3D66GQ;
				GENERATE_INFOPLIST_FILE = YES;
				INFOPLIST_FILE = "Joe'sFruitShop/Info.plist";
				INFOPLIST_KEY_UIApplicationSupportsIndirectInputEvents = YES;
				INFOPLIST_KEY_UILaunchStoryboardName = LaunchScreen;
				INFOPLIST_KEY_UIMainStoryboardFile = Main;
				INFOPLIST_KEY_UISupportedInterfaceOrientations_iPad = "UIInterfaceOrientationPortrait UIInterfaceOrientationPortraitUpsideDown UIInterfaceOrientationLandscapeLeft UIInterfaceOrientationLandscapeRight";
				INFOPLIST_KEY_UISupportedInterfaceOrientations_iPhone = "UIInterfaceOrientationPortrait UIInterfaceOrientationLandscapeLeft UIInterfaceOrientationLandscapeRight";
				LD_RUNPATH_SEARCH_PATHS = (
					"$(inherited)",
					"@executable_path/Frameworks",
				);
				MARKETING_VERSION = 1.0;
				PRODUCT_BUNDLE_IDENTIFIER = "tm.Joe-sFruitShop";
				PRODUCT_NAME = "$(TARGET_NAME)";
				SWIFT_EMIT_LOC_STRINGS = YES;
				SWIFT_VERSION = 5.0;
				TARGETED_DEVICE_FAMILY = "1,2";
			};
			name = Release;
		};
/* End XCBuildConfiguration section */

/* Begin XCConfigurationList section */
		047388BB27BE33CB00BBF626 /* Build configuration list for PBXProject "Joe'sFruitShop" */ = {
			isa = XCConfigurationList;
			buildConfigurations = (
				047388D227BE33D100BBF626 /* Debug */,
				047388D327BE33D100BBF626 /* Release */,
			);
			defaultConfigurationIsVisible = 0;
			defaultConfigurationName = Release;
		};
		047388D427BE33D100BBF626 /* Build configuration list for PBXNativeTarget "Joe'sFruitShop" */ = {
			isa = XCConfigurationList;
			buildConfigurations = (
				047388D527BE33D100BBF626 /* Debug */,
				047388D627BE33D100BBF626 /* Release */,
			);
			defaultConfigurationIsVisible = 0;
			defaultConfigurationName = Release;
		};
/* End XCConfigurationList section */
	};
	rootObject = 047388B827BE33CB00BBF626 /* Project object */;
}
